{
  "name": "MEAN Stack",
  "lockfileVersion": 2,
  "requires": true,
  "packages": {
    "": {
      "dependencies": {
        "@angular/animations": "^14.0.2",
        "@angular/cdk": "^14.0.2",
        "@angular/material": "^14.0.2",
        "hammerjs": "^2.0.8"
      }
    },
    "node_modules/@angular/animations": {
      "version": "14.0.2",
      "resolved": "https://registry.npmjs.org/@angular/animations/-/animations-14.0.2.tgz",
      "integrity": "sha512-F65G62clU+8tpYXkRGTeQ8nNlyUsviJp9fFTMFXZTm0EHUCiHB6PRf5vpp7edN0Hy+moG6rKt8VnKbraFqaO1g==",
      "dependencies": {
        "tslib": "^2.3.0"
      },
      "engines": {
        "node": "^14.15.0 || >=16.10.0"
      },
      "peerDependencies": {
        "@angular/core": "14.0.2"
      }
    },
    "node_modules/@angular/cdk": {
      "version": "14.0.2",
      "resolved": "https://registry.npmjs.org/@angular/cdk/-/cdk-14.0.2.tgz",
      "integrity": "sha512-751Sshu+HKYOqmnGRriHjd4ybMradgkLYOM9dBoX7YFpZce+IcEtojALGfLA4YDZwJF2RhBD6lFcJdWJPC9wCw==",
      "dependencies": {
        "tslib": "^2.3.0"
      },
      "optionalDependencies": {
        "parse5": "^5.0.0"
      },
      "peerDependencies": {
        "@angular/common": "^14.0.0 || ^15.0.0",
        "@angular/core": "^14.0.0 || ^15.0.0",
        "rxjs": "^6.5.3 || ^7.4.0"
      }
    },
    "node_modules/@angular/common": {
      "version": "14.0.2",
      "resolved": "https://registry.npmjs.org/@angular/common/-/common-14.0.2.tgz",
      "integrity": "sha512-vNZpun9ymZEDJ0CWskTZZqCbuCumgYxbsZgp9nALnRAJt3fK8fRFgIZTn7smEXvbStL4PvngnvESa/t9Jd4wMg==",
      "peer": true,
      "dependencies": {
        "tslib": "^2.3.0"
      },
      "engines": {
        "node": "^14.15.0 || >=16.10.0"
      },
      "peerDependencies": {
        "@angular/core": "14.0.2",
        "rxjs": "^6.5.3 || ^7.4.0"
      }
    },
    "node_modules/@angular/core": {
      "version": "14.0.2",
      "resolved": "https://registry.npmjs.org/@angular/core/-/core-14.0.2.tgz",
      "integrity": "sha512-JR+xVuNjGYEP5mdm3iQykcRFjrhSKbN5yxKxlVdKpNtUsR2Yc9Nf180Y2+Oo6KabtywGedIBH/Xd6mhwQQv3vg==",
      "peer": true,
      "dependencies": {
        "tslib": "^2.3.0"
      },
      "engines": {
        "node": "^14.15.0 || >=16.10.0"
      },
      "peerDependencies": {
        "rxjs": "^6.5.3 || ^7.4.0",
        "zone.js": "~0.11.4"
      }
    },
    "node_modules/@angular/forms": {
      "version": "14.0.2",
      "resolved": "https://registry.npmjs.org/@angular/forms/-/forms-14.0.2.tgz",
      "integrity": "sha512-sOLes/B7YkRocZExsxi1H+OIBFbSpVB6+i8+6cQK2ZIwXQMxCZm95PL42rMqWEOJhEuVyR3U47bjA2G4eC3TKg==",
      "peer": true,
      "dependencies": {
        "tslib": "^2.3.0"
      },
      "engines": {
        "node": "^14.15.0 || >=16.10.0"
      },
      "peerDependencies": {
        "@angular/common": "14.0.2",
        "@angular/core": "14.0.2",
        "@angular/platform-browser": "14.0.2",
        "rxjs": "^6.5.3 || ^7.4.0"
      }
    },
    "node_modules/@angular/material": {
      "version": "14.0.2",
      "resolved": "https://registry.npmjs.org/@angular/material/-/material-14.0.2.tgz",
      "integrity": "sha512-w1QHmQK02eF4mZZ6mixgKNaIp0cg71MQEDgoeZppUjrOij2TYkorHhT9Ma2XguV5Xi2wSGoGUzNKJ0OucB8hLA==",
      "dependencies": {
        "tslib": "^2.3.0"
      },
      "peerDependencies": {
        "@angular/animations": "^14.0.0 || ^15.0.0",
        "@angular/cdk": "14.0.2",
        "@angular/common": "^14.0.0 || ^15.0.0",
        "@angular/core": "^14.0.0 || ^15.0.0",
        "@angular/forms": "^14.0.0 || ^15.0.0",
        "@angular/platform-browser": "^14.0.0 || ^15.0.0",
        "rxjs": "^6.5.3 || ^7.4.0"
      }
    },
    "node_modules/@angular/platform-browser": {
      "version": "14.0.2",
      "resolved": "https://registry.npmjs.org/@angular/platform-browser/-/platform-browser-14.0.2.tgz",
      "integrity": "sha512-FeBXo3GmJOGitBIKrpuZOfBpfDqMh4QqZZmHMIXunELgrG+a8XSoZZYwEgRNIOpxFduQnP2Qe6H6cYoVJfwcBg==",
      "peer": true,
      "dependencies": {
        "tslib": "^2.3.0"
      },
      "engines": {
        "node": "^14.15.0 || >=16.10.0"
      },
      "peerDependencies": {
        "@angular/animations": "14.0.2",
        "@angular/common": "14.0.2",
        "@angular/core": "14.0.2"
      },
      "peerDependenciesMeta": {
        "@angular/animations": {
          "optional": true
        }
      }
    },
    "node_modules/hammerjs": {
      "version": "2.0.8",
      "resolved": "https://registry.npmjs.org/hammerjs/-/hammerjs-2.0.8.tgz",
      "integrity": "sha512-tSQXBXS/MWQOn/RKckawJ61vvsDpCom87JgxiYdGwHdOa0ht0vzUWDlfioofFCRU0L+6NGDt6XzbgoJvZkMeRQ==",
      "engines": {
        "node": ">=0.8.0"
      }
    },
    "node_modules/parse5": {
      "version": "5.1.1",
      "resolved": "https://registry.npmjs.org/parse5/-/parse5-5.1.1.tgz",
      "integrity": "sha512-ugq4DFI0Ptb+WWjAdOK16+u/nHfiIrcE+sh8kZMaM0WllQKLI9rOUq6c2b7cwPkXdzfQESqvoqK6ug7U/Yyzug==",
      "optional": true
    },
    "node_modules/rxjs": {
      "version": "7.5.5",
      "resolved": "https://registry.npmjs.org/rxjs/-/rxjs-7.5.5.tgz",
      "integrity": "sha512-sy+H0pQofO95VDmFLzyaw9xNJU4KTRSwQIGM6+iG3SypAtCiLDzpeG8sJrNCWn2Up9km+KhkvTdbkrdy+yzZdw==",
      "peer": true,
      "dependencies": {
        "tslib": "^2.1.0"
      }
    },
    "node_modules/tslib": {
      "version": "2.4.0",
      "resolved": "https://registry.npmjs.org/tslib/-/tslib-2.4.0.tgz",
      "integrity": "sha512-d6xOpEDfsi2CZVlPQzGeux8XMwLT9hssAsaPYExaQMuYskwb+x1x7J371tWlbBdWHroy99KnVB6qIkUbs5X3UQ=="
    },
    "node_modules/zone.js": {
      "version": "0.11.6",
      "resolved": "https://registry.npmjs.org/zone.js/-/zone.js-0.11.6.tgz",
      "integrity": "sha512-umJqFtKyZlPli669gB1gOrRE9hxUUGkZr7mo878z+NEBJZZixJkKeVYfnoLa7g25SseUDc92OZrMKKHySyJrFg==",
      "peer": true,
      "dependencies": {
        "tslib": "^2.3.0"
      }
    }
  },
  "dependencies": {
    "@angular/animations": {
      "version": "14.0.2",
      "resolved": "https://registry.npmjs.org/@angular/animations/-/animations-14.0.2.tgz",
      "integrity": "sha512-F65G62clU+8tpYXkRGTeQ8nNlyUsviJp9fFTMFXZTm0EHUCiHB6PRf5vpp7edN0Hy+moG6rKt8VnKbraFqaO1g==",
      "requires": {
        "tslib": "^2.3.0"
      }
    },
    "@angular/cdk": {
      "version": "14.0.2",
      "resolved": "https://registry.npmjs.org/@angular/cdk/-/cdk-14.0.2.tgz",
      "integrity": "sha512-751Sshu+HKYOqmnGRriHjd4ybMradgkLYOM9dBoX7YFpZce+IcEtojALGfLA4YDZwJF2RhBD6lFcJdWJPC9wCw==",
      "requires": {
        "parse5": "^5.0.0",
        "tslib": "^2.3.0"
      }
    },
    "@angular/common": {
      "version": "14.0.2",
      "resolved": "https://registry.npmjs.org/@angular/common/-/common-14.0.2.tgz",
      "integrity": "sha512-vNZpun9ymZEDJ0CWskTZZqCbuCumgYxbsZgp9nALnRAJt3fK8fRFgIZTn7smEXvbStL4PvngnvESa/t9Jd4wMg==",
      "peer": true,
      "requires": {
        "tslib": "^2.3.0"
      }
    },
    "@angular/core": {
      "version": "14.0.2",
      "resolved": "https://registry.npmjs.org/@angular/core/-/core-14.0.2.tgz",
      "integrity": "sha512-JR+xVuNjGYEP5mdm3iQykcRFjrhSKbN5yxKxlVdKpNtUsR2Yc9Nf180Y2+Oo6KabtywGedIBH/Xd6mhwQQv3vg==",
      "peer": true,
      "requires": {
        "tslib": "^2.3.0"
      }
    },
    "@angular/forms": {
      "version": "14.0.2",
      "resolved": "https://registry.npmjs.org/@angular/forms/-/forms-14.0.2.tgz",
      "integrity": "sha512-sOLes/B7YkRocZExsxi1H+OIBFbSpVB6+i8+6cQK2ZIwXQMxCZm95PL42rMqWEOJhEuVyR3U47bjA2G4eC3TKg==",
      "peer": true,
      "requires": {
        "tslib": "^2.3.0"
      }
    },
    "@angular/material": {
      "version": "14.0.2",
      "resolved": "https://registry.npmjs.org/@angular/material/-/material-14.0.2.tgz",
      "integrity": "sha512-w1QHmQK02eF4mZZ6mixgKNaIp0cg71MQEDgoeZppUjrOij2TYkorHhT9Ma2XguV5Xi2wSGoGUzNKJ0OucB8hLA==",
      "requires": {
        "tslib": "^2.3.0"
      }
    },
    "@angular/platform-browser": {
      "version": "14.0.2",
      "resolved": "https://registry.npmjs.org/@angular/platform-browser/-/platform-browser-14.0.2.tgz",
      "integrity": "sha512-FeBXo3GmJOGitBIKrpuZOfBpfDqMh4QqZZmHMIXunELgrG+a8XSoZZYwEgRNIOpxFduQnP2Qe6H6cYoVJfwcBg==",
      "peer": true,
      "requires": {
        "tslib": "^2.3.0"
      }
    },
    "hammerjs": {
      "version": "2.0.8",
      "resolved": "https://registry.npmjs.org/hammerjs/-/hammerjs-2.0.8.tgz",
      "integrity": "sha512-tSQXBXS/MWQOn/RKckawJ61vvsDpCom87JgxiYdGwHdOa0ht0vzUWDlfioofFCRU0L+6NGDt6XzbgoJvZkMeRQ=="
    },
    "parse5": {
      "version": "5.1.1",
      "resolved": "https://registry.npmjs.org/parse5/-/parse5-5.1.1.tgz",
      "integrity": "sha512-ugq4DFI0Ptb+WWjAdOK16+u/nHfiIrcE+sh8kZMaM0WllQKLI9rOUq6c2b7cwPkXdzfQESqvoqK6ug7U/Yyzug==",
      "optional": true
    },
    "rxjs": {
      "version": "7.5.5",
      "resolved": "https://registry.npmjs.org/rxjs/-/rxjs-7.5.5.tgz",
      "integrity": "sha512-sy+H0pQofO95VDmFLzyaw9xNJU4KTRSwQIGM6+iG3SypAtCiLDzpeG8sJrNCWn2Up9km+KhkvTdbkrdy+yzZdw==",
      "peer": true,
      "requires": {
        "tslib": "^2.1.0"
      }
    },
    "tslib": {
      "version": "2.4.0",
      "resolved": "https://registry.npmjs.org/tslib/-/tslib-2.4.0.tgz",
      "integrity": "sha512-d6xOpEDfsi2CZVlPQzGeux8XMwLT9hssAsaPYExaQMuYskwb+x1x7J371tWlbBdWHroy99KnVB6qIkUbs5X3UQ=="
    },
    "zone.js": {
      "version": "0.11.6",
      "resolved": "https://registry.npmjs.org/zone.js/-/zone.js-0.11.6.tgz",
      "integrity": "sha512-umJqFtKyZlPli669gB1gOrRE9hxUUGkZr7mo878z+NEBJZZixJkKeVYfnoLa7g25SseUDc92OZrMKKHySyJrFg==",
      "peer": true,
      "requires": {
        "tslib": "^2.3.0"
      }
    }
  }
}
